{
  "version": 4,
  "terraform_version": "1.12.1",
  "serial": 1,
  "lineage": "6989b830-b32d-5208-0c22-54ad78a0216b",
  "outputs": {},
  "resources": [
    {
      "mode": "data",
      "type": "azurerm_client_config",
      "name": "current",
      "provider": "provider[\"registry.terraform.io/hashicorp/azurerm\"]",
      "instances": [
        {
          "schema_version": 0,
          "attributes": {
            "client_id": "04b07795-8ddb-461a-bbee-02f9e1bf7b46",
            "id": "Y2xpZW50Q29uZmlncy9jbGllbnRJZD0wNGIwNzc5NS04ZGRiLTQ2MWEtYmJlZS0wMmY5ZTFiZjdiNDY7b2JqZWN0SWQ9MGQyNzExY2YtYjEwNy00ZWRkLTg5NjEtMjZkNDdhMzgzZDlkO3N1YnNjcmlwdGlvbklkPTdmZjNkM2YzLWFmNzctNDRlYS1iNWVmLWJjMDg5Mjc5ZjFjZDt0ZW5hbnRJZD03ZmE4MWFjYy0yZGE2LTQ0MjItOGE0Mi02N2QwNDM0ODRhMzQ=",
            "object_id": "0d2711cf-b107-4edd-8961-26d47a383d9d",
            "subscription_id": "7ff3d3f3-af77-44ea-b5ef-bc089279f1cd",
            "tenant_id": "7fa81acc-2da6-4422-8a42-67d043484a34",
            "timeouts": null
          },
          "sensitive_attributes": [],
          "identity_schema_version": 0
        }
      ]
    },
    {
      "mode": "managed",
      "type": "random_password",
      "name": "vm_pw",
      "provider": "provider[\"registry.terraform.io/hashicorp/random\"]",
      "instances": [
        {
          "schema_version": 3,
          "attributes": {
            "bcrypt_hash": "$2a$10$Jj7nv2G/z.JL7z9rng2vtOonnyZQP8mx9paFteikEhnZPQntzu5X6",
            "id": "none",
            "keepers": null,
            "length": 16,
            "lower": true,
            "min_lower": 0,
            "min_numeric": 0,
            "min_special": 0,
            "min_upper": 0,
            "number": true,
            "numeric": true,
            "override_special": null,
            "result": "JT!Sl*rWhEwr\u003e{E2",
            "special": true,
            "upper": true
          },
          "sensitive_attributes": [
            [
              {
                "type": "get_attr",
                "value": "bcrypt_hash"
              }
            ],
            [
              {
                "type": "get_attr",
                "value": "result"
              }
            ]
          ],
          "identity_schema_version": 0
        }
      ]
    }
  ],
  "check_results": null
}
